schema: '2.0'
stages:
  data_ingestion:
    cmd: python src/MarketMind/pipeline/stage_01_data_ingestion.py
    deps:
    - path: config/config.yaml
      hash: md5
      md5: d0406129fab795039e4b18f814b74bd6
      size: 344
    - path: src/MarketMind/components/data_ingestion.py
      hash: md5
      md5: 08c30a6ead9be996ad1201755d2ee28c
      size: 1075
    - path: src/MarketMind/pipeline/stage_01_data_ingestion.py
      hash: md5
      md5: ab1e72c7bc7fbb2aafd120c6f42ab363
      size: 863
    params:
      params.yaml:
        data_ingestion.asset: BTC-USD
        data_ingestion.end_date: '2025-01-01'
        data_ingestion.start_date: '2017-01-01'
    outs:
    - path: artifacts/data_ingestion/data.csv
      hash: md5
      md5: 32366198ba1d37ea6bf7da655895a5c1
      size: 242966
  data_preprocessing:
    cmd: python src/MarketMind/pipeline/stage_02_data_preprocessing.py
    deps:
    - path: artifacts/data_ingestion/data.csv
      hash: md5
      md5: 32366198ba1d37ea6bf7da655895a5c1
      size: 242966
    - path: config/config.yaml
      hash: md5
      md5: d0406129fab795039e4b18f814b74bd6
      size: 344
    - path: src/MarketMind/components/data_preprocessing.py
      hash: md5
      md5: 78dd6ca271449684aa2616a03e802eaa
      size: 1617
    - path: src/MarketMind/pipeline/stage_02_data_preprocessing.py
      hash: md5
      md5: 92e3cc216b8b45632f923b029421c99e
      size: 813
    outs:
    - path: artifacts/data_preprocessing/preprocessed_data.csv
      hash: md5
      md5: d42760dab8ccec66f81d0eddd586d1f1
      size: 623194
